
Microsoft Visual Studio Solution File, Format Version 12.00
# Visual Studio 15
VisualStudioVersion = 15.0.27428.2015
MinimumVisualStudioVersion = 10.0.40219.1
Project("{FAE04EC0-301F-11D3-BF4B-00C04F79EFBC}") = "StudyAppAgency", "StudyAppAgency\StudyAppAgency.csproj", "{34829DBA-9DB3-4E59-A15E-2E2452E12955}"
EndProject
Global
	GlobalSection(SolutionConfigurationPlatforms) = preSolution
		Debug|Any CPU = Debug|Any CPU
		Release|Any CPU = Release|Any CPU
	EndGlobalSection
	GlobalSection(ProjectConfigurationPlatforms) = postSolution
		{34829DBA-9DB3-4E59-A15E-2E2452E12955}.Debug|Any CPU.ActiveCfg = Debug|Any CPU
		{34829DBA-9DB3-4E59-A15E-2E2452E12955}.Debug|Any CPU.Build.0 = Debug|Any CPU
		{34829DBA-9DB3-4E59-A15E-2E2452E12955}.Release|Any CPU.ActiveCfg = Release|Any CPU
		{34829DBA-9DB3-4E59-A15E-2E2452E12955}.Release|Any CPU.Build.0 = Release|Any CPU
	EndGlobalSection
	GlobalSection(SolutionProperties) = preSolution
		HideSolutionNode = FALSE
	EndGlobalSection
	GlobalSection(ExtensibilityGlobals) = postSolution
		SolutionGuid = {87770F08-6B77-4F63-A846-179A1BED9E92}
	EndGlobalSection
EndGlobal
